// !$*UTF8*$!
{
	archiveVersion = 1;
	classes = {
	};
	objectVersion = 46;
	objects = {

/* Begin PBXBuildFile section */
		3D1187611BE77E8B00FF4CE8 /* main.m in Sources */ = {isa = PBXBuildFile; fileRef = 3D1187601BE77E8B00FF4CE8 /* main.m */; };
		3D1187641BE77E8B00FF4CE8 /* AppDelegate.m in Sources */ = {isa = PBXBuildFile; fileRef = 3D1187631BE77E8B00FF4CE8 /* AppDelegate.m */; };
		3D1187671BE77E8B00FF4CE8 /* ViewController.m in Sources */ = {isa = PBXBuildFile; fileRef = 3D1187661BE77E8B00FF4CE8 /* ViewController.m */; };
		3D11876A1BE77E8B00FF4CE8 /* Main.storyboard in Resources */ = {isa = PBXBuildFile; fileRef = 3D1187681BE77E8B00FF4CE8 /* Main.storyboard */; };
		3D11876C1BE77E8B00FF4CE8 /* Assets.xcassets in Resources */ = {isa = PBXBuildFile; fileRef = 3D11876B1BE77E8B00FF4CE8 /* Assets.xcassets */; };
		3D11876F1BE77E8B00FF4CE8 /* LaunchScreen.storyboard in Resources */ = {isa = PBXBuildFile; fileRef = 3D11876D1BE77E8B00FF4CE8 /* LaunchScreen.storyboard */; };
		3D1187781BE77F5C00FF4CE8 /* BadgeView.m in Sources */ = {isa = PBXBuildFile; fileRef = 3D1187771BE77F5C00FF4CE8 /* BadgeView.m */; settings = {ASSET_TAGS = (); }; };
		3D1187801BE780BB00FF4CE8 /* UIView+VZBadge.m in Sources */ = {isa = PBXBuildFile; fileRef = 3D11877F1BE780BB00FF4CE8 /* UIView+VZBadge.m */; settings = {ASSET_TAGS = (); }; };
/* End PBXBuildFile section */

/* Begin PBXFileReference section */
		3D11875C1BE77E8B00FF4CE8 /* VZBadgeDemo.app */ = {isa = PBXFileReference; explicitFileType = wrapper.application; includeInIndex = 0; path = VZBadgeDemo.app; sourceTree = BUILT_PRODUCTS_DIR; };
		3D1187601BE77E8B00FF4CE8 /* main.m */ = {isa = PBXFileReference; lastKnownFileType = sourcecode.c.objc; path = main.m; sourceTree = "<group>"; };
		3D1187621BE77E8B00FF4CE8 /* AppDelegate.h */ = {isa = PBXFileReference; lastKnownFileType = sourcecode.c.h; path = AppDelegate.h; sourceTree = "<group>"; };
		3D1187631BE77E8B00FF4CE8 /* AppDelegate.m */ = {isa = PBXFileReference; lastKnownFileType = sourcecode.c.objc; path = AppDelegate.m; sourceTree = "<group>"; };
		3D1187651BE77E8B00FF4CE8 /* ViewController.h */ = {isa = PBXFileReference; lastKnownFileType = sourcecode.c.h; path = ViewController.h; sourceTree = "<group>"; };
		3D1187661BE77E8B00FF4CE8 /* ViewController.m */ = {isa = PBXFileReference; lastKnownFileType = sourcecode.c.objc; path = ViewController.m; sourceTree = "<group>"; };
		3D1187691BE77E8B00FF4CE8 /* Base */ = {isa = PBXFileReference; lastKnownFileType = file.storyboard; name = Base; path = Base.lproj/Main.storyboard; sourceTree = "<group>"; };
		3D11876B1BE77E8B00FF4CE8 /* Assets.xcassets */ = {isa = PBXFileReference; lastKnownFileType = folder.assetcatalog; path = Assets.xcassets; sourceTree = "<group>"; };
		3D11876E1BE77E8B00FF4CE8 /* Base */ = {isa = PBXFileReference; lastKnownFileType = file.storyboard; name = Base; path = Base.lproj/LaunchScreen.storyboard; sourceTree = "<group>"; };
		3D1187701BE77E8B00FF4CE8 /* Info.plist */ = {isa = PBXFileReference; lastKnownFileType = text.plist.xml; path = Info.plist; sourceTree = "<group>"; };
		3D1187761BE77F5C00FF4CE8 /* BadgeView.h */ = {isa = PBXFileReference; fileEncoding = 4; lastKnownFileType = sourcecode.c.h; path = BadgeView.h; sourceTree = "<group>"; };
		3D1187771BE77F5C00FF4CE8 /* BadgeView.m */ = {isa = PBXFileReference; fileEncoding = 4; lastKnownFileType = sourcecode.c.objc; path = BadgeView.m; sourceTree = "<group>"; };
		3D11877E1BE780BB00FF4CE8 /* UIView+VZBadge.h */ = {isa = PBXFileReference; fileEncoding = 4; lastKnownFileType = sourcecode.c.h; path = "UIView+VZBadge.h"; sourceTree = "<group>"; };
		3D11877F1BE780BB00FF4CE8 /* UIView+VZBadge.m */ = {isa = PBXFileReference; fileEncoding = 4; lastKnownFileType = sourcecode.c.objc; path = "UIView+VZBadge.m"; sourceTree = "<group>"; };
/* End PBXFileReference section */

/* Begin PBXFrameworksBuildPhase section */
		3D1187591BE77E8B00FF4CE8 /* Frameworks */ = {
			isa = PBXFrameworksBuildPhase;
			buildActionMask = 2147483647;
			files = (
			);
			runOnlyForDeploymentPostprocessing = 0;
		};
/* End PBXFrameworksBuildPhase section */

/* Begin PBXGroup section */
		3D1187531BE77E8B00FF4CE8 = {
			isa = PBXGroup;
			children = (
				3D11877E1BE780BB00FF4CE8 /* UIView+VZBadge.h */,
				3D11877F1BE780BB00FF4CE8 /* UIView+VZBadge.m */,
				3D11875E1BE77E8B00FF4CE8 /* VZBadgeDemo */,
				3D11875D1BE77E8B00FF4CE8 /* Products */,
			);
			sourceTree = "<group>";
		};
		3D11875D1BE77E8B00FF4CE8 /* Products */ = {
			isa = PBXGroup;
			children = (
				3D11875C1BE77E8B00FF4CE8 /* VZBadgeDemo.app */,
			);
			name = Products;
			sourceTree = "<group>";
		};
		3D11875E1BE77E8B00FF4CE8 /* VZBadgeDemo */ = {
			isa = PBXGroup;
			children = (
				3D1187621BE77E8B00FF4CE8 /* AppDelegate.h */,
				3D1187631BE77E8B00FF4CE8 /* AppDelegate.m */,
				3D1187651BE77E8B00FF4CE8 /* ViewController.h */,
				3D1187661BE77E8B00FF4CE8 /* ViewController.m */,
				3D1187761BE77F5C00FF4CE8 /* BadgeView.h */,
				3D1187771BE77F5C00FF4CE8 /* BadgeView.m */,
				3D1187681BE77E8B00FF4CE8 /* Main.storyboard */,
				3D11876B1BE77E8B00FF4CE8 /* Assets.xcassets */,
				3D11876D1BE77E8B00FF4CE8 /* LaunchScreen.storyboard */,
				3D1187701BE77E8B00FF4CE8 /* Info.plist */,
				3D11875F1BE77E8B00FF4CE8 /* Supporting Files */,
			);
			path = VZBadgeDemo;
			sourceTree = "<group>";
		};
		3D11875F1BE77E8B00FF4CE8 /* Supporting Files */ = {
			isa = PBXGroup;
			children = (
				3D1187601BE77E8B00FF4CE8 /* main.m */,
			);
			name = "Supporting Files";
			sourceTree = "<group>";
		};
/* End PBXGroup section */

/* Begin PBXNativeTarget section */
		3D11875B1BE77E8B00FF4CE8 /* VZBadgeDemo */ = {
			isa = PBXNativeTarget;
			buildConfigurationList = 3D1187731BE77E8B00FF4CE8 /* Build configuration list for PBXNativeTarget "VZBadgeDemo" */;
			buildPhases = (
				3D1187581BE77E8B00FF4CE8 /* Sources */,
				3D1187591BE77E8B00FF4CE8 /* Frameworks */,
				3D11875A1BE77E8B00FF4CE8 /* Resources */,
			);
			buildRules = (
			);
			dependencies = (
			);
			name = VZBadgeDemo;
			productName = VZBadgeDemo;
			productReference = 3D11875C1BE77E8B00FF4CE8 /* VZBadgeDemo.app */;
			productType = "com.apple.product-type.application";
		};
/* End PBXNativeTarget section */

/* Begin PBXProject section */
		3D1187541BE77E8B00FF4CE8 /* Project object */ = {
			isa = PBXProject;
			attributes = {
				LastUpgradeCheck = 0700;
				ORGANIZATIONNAME = mini4s215;
				TargetAttributes = {
					3D11875B1BE77E8B00FF4CE8 = {
						CreatedOnToolsVersion = 7.0;
					};
				};
			};
			buildConfigurationList = 3D1187571BE77E8B00FF4CE8 /* Build configuration list for PBXProject "VZBadgeDemo" */;
			compatibilityVersion = "Xcode 3.2";
			developmentRegion = English;
			hasScannedForEncodings = 0;
			knownRegions = (
				en,
				Base,
			);
			mainGroup = 3D1187531BE77E8B00FF4CE8;
			productRefGroup = 3D11875D1BE77E8B00FF4CE8 /* Products */;
			projectDirPath = "";
			projectRoot = "";
			targets = (
				3D11875B1BE77E8B00FF4CE8 /* VZBadgeDemo */,
			);
		};
/* End PBXProject section */

/* Begin PBXResourcesBuildPhase section */
		3D11875A1BE77E8B00FF4CE8 /* Resources */ = {
			isa = PBXResourcesBuildPhase;
			buildActionMask = 2147483647;
			files = (
				3D11876F1BE77E8B00FF4CE8 /* LaunchScreen.storyboard in Resources */,
				3D11876C1BE77E8B00FF4CE8 /* Assets.xcassets in Resources */,
				3D11876A1BE77E8B00FF4CE8 /* Main.storyboard in Resources */,
			);
			runOnlyForDeploymentPostprocessing = 0;
		};
/* End PBXResourcesBuildPhase section */

/* Begin PBXSourcesBuildPhase section */
		3D1187581BE77E8B00FF4CE8 /* Sources */ = {
			isa = PBXSourcesBuildPhase;
			buildActionMask = 2147483647;
			files = (
				3D1187781BE77F5C00FF4CE8 /* BadgeView.m in Sources */,
				3D1187671BE77E8B00FF4CE8 /* ViewController.m in Sources */,
				3D1187641BE77E8B00FF4CE8 /* AppDelegate.m in Sources */,
				3D1187611BE77E8B00FF4CE8 /* main.m in Sources */,
				3D1187801BE780BB00FF4CE8 /* UIView+VZBadge.m in Sources */,
			);
			runOnlyForDeploymentPostprocessing = 0;
		};
/* End PBXSourcesBuildPhase section */

/* Begin PBXVariantGroup section */
		3D1187681BE77E8B00FF4CE8 /* Main.storyboard */ = {
			isa = PBXVariantGroup;
			children = (
				3D1187691BE77E8B00FF4CE8 /* Base */,
			);
			name = Main.storyboard;
			sourceTree = "<group>";
		};
		3D11876D1BE77E8B00FF4CE8 /* LaunchScreen.storyboard */ = {
			isa = PBXVariantGroup;
			children = (
				3D11876E1BE77E8B00FF4CE8 /* Base */,
			);
			name = LaunchScreen.storyboard;
			sourceTree = "<group>";
		};
/* End PBXVariantGroup section */

/* Begin XCBuildConfiguration section */
		3D1187711BE77E8B00FF4CE8 /* Debug */ = {
			isa = XCBuildConfiguration;
			buildSettings = {
				ALWAYS_SEARCH_USER_PATHS = NO;
				CLANG_CXX_LANGUAGE_STANDARD = "gnu++0x";
				CLANG_CXX_LIBRARY = "libc++";
				CLANG_ENABLE_MODULES = YES;
				CLANG_ENABLE_OBJC_ARC = YES;
				CLANG_WARN_BOOL_CONVERSION = YES;
				CLANG_WARN_CONSTANT_CONVERSION = YES;
				CLANG_WARN_DIRECT_OBJC_ISA_USAGE = YES_ERROR;
				CLANG_WARN_EMPTY_BODY = YES;
				CLANG_WARN_ENUM_CONVERSION = YES;
				CLANG_WARN_INT_CONVERSION = YES;
				CLANG_WARN_OBJC_ROOT_CLASS = YES_ERROR;
				CLANG_WARN_UNREACHABLE_CODE = YES;
				CLANG_WARN__DUPLICATE_METHOD_MATCH = YES;
				"CODE_SIGN_IDENTITY[sdk=iphoneos*]" = "iPhone Developer";
				COPY_PHASE_STRIP = NO;
				DEBUG_INFORMATION_FORMAT = dwarf;
				ENABLE_STRICT_OBJC_MSGSEND = YES;
				ENABLE_TESTABILITY = YES;
				GCC_C_LANGUAGE_STANDARD = gnu99;
				GCC_DYNAMIC_NO_PIC = NO;
				GCC_NO_COMMON_BLOCKS = YES;
				GCC_OPTIMIZATION_LEVEL = 0;
				GCC_PREPROCESSOR_DEFINITIONS = (
					"DEBUG=1",
					"$(inherited)",
				);
				GCC_WARN_64_TO_32_BIT_CONVERSION = YES;
				GCC_WARN_ABOUT_RETURN_TYPE = YES_ERROR;
				GCC_WARN_UNDECLARED_SELECTOR = YES;
				GCC_WARN_UNINITIALIZED_AUTOS = YES_AGGRESSIVE;
				GCC_WARN_UNUSED_FUNCTION = YES;
				GCC_WARN_UNUSED_VARIABLE = YES;
				IPHONEOS_DEPLOYMENT_TARGET = 9.0;
				MTL_ENABLE_DEBUG_INFO = YES;
				ONLY_ACTIVE_ARCH = YES;
				SDKROOT = iphoneos;
			};
			name = Debug;
		};
		3D1187721BE77E8B00FF4CE8 /* Release */ = {
			isa = XCBuildConfiguration;
			buildSettings = {
				ALWAYS_SEARCH_USER_PATHS = NO;
				CLANG_CXX_LANGUAGE_STANDARD = "gnu++0x";
				CLANG_CXX_LIBRARY = "libc++";
				CLANG_ENABLE_MODULES = YES;
				CLANG_ENABLE_OBJC_ARC = YES;
				CLANG_WARN_BOOL_CONVERSION = YES;
				CLANG_WARN_CONSTANT_CONVERSION = YES;
				CLANG_WARN_DIRECT_OBJC_ISA_USAGE = YES_ERROR;
				CLANG_WARN_EMPTY_BODY = YES;
				CLANG_WARN_ENUM_CONVERSION = YES;
				CLANG_WARN_INT_CONVERSION = YES;
				CLANG_WARN_OBJC_ROOT_CLASS = YES_ERROR;
				CLANG_WARN_UNREACHABLE_CODE = YES;
				CLANG_WARN__DUPLICATE_METHOD_MATCH = YES;
				"CODE_SIGN_IDENTITY[sdk=iphoneos*]" = "iPhone Developer";
				COPY_PHASE_STRIP = NO;
				DEBUG_INFORMATION_FORMAT = "dwarf-with-dsym";
				ENABLE_NS_ASSERTIONS = NO;
				ENABLE_STRICT_OBJC_MSGSEND = YES;
				GCC_C_LANGUAGE_STANDARD = gnu99;
				GCC_NO_COMMON_BLOCKS = YES;
				GCC_WARN_64_TO_32_BIT_CONVERSION = YES;
				GCC_WARN_ABOUT_RETURN_TYPE = YES_ERROR;
				GCC_WARN_UNDECLARED_SELECTOR = YES;
				GCC_WARN_UNINITIALIZED_AUTOS = YES_AGGRESSIVE;
				GCC_WARN_UNUSED_FUNCTION = YES;
				GCC_WARN_UNUSED_VARIABLE = YES;
				IPHONEOS_DEPLOYMENT_TARGET = 9.0;
				MTL_ENABLE_DEBUG_INFO = NO;
				SDKROOT = iphoneos;
				VALIDATE_PRODUCT = YES;
			};
			name = Release;
		};
		3D1187741BE77E8B00FF4CE8 /* Debug */ = {
			isa = XCBuildConfiguration;
			buildSettings = {
				ASSETCATALOG_COMPILER_APPICON_NAME = AppIcon;
				INFOPLIST_FILE = VZBadgeDemo/Info.plist;
				LD_RUNPATH_SEARCH_PATHS = "$(inherited) @executable_path/Frameworks";
				PRODUCT_BUNDLE_IDENTIFIER = victor.VZBadgeDemo;
				PRODUCT_NAME = "$(TARGET_NAME)";
			};
			name = Debug;
		};
		3D1187751BE77E8B00FF4CE8 /* Release */ = {
			isa = XCBuildConfiguration;
			buildSettings = {
				ASSETCATALOG_COMPILER_APPICON_NAME = AppIcon;
				INFOPLIST_FILE = VZBadgeDemo/Info.plist;
				LD_RUNPATH_SEARCH_PATHS = "$(inherited) @executable_path/Frameworks";
				PRODUCT_BUNDLE_IDENTIFIER = victor.VZBadgeDemo;
				PRODUCT_NAME = "$(TARGET_NAME)";
			};
			name = Release;
		};
/* End XCBuildConfiguration section */

/* Begin XCConfigurationList section */
		3D1187571BE77E8B00FF4CE8 /* Build configuration list for PBXProject "VZBadgeDemo" */ = {
			isa = XCConfigurationList;
			buildConfigurations = (
				3D1187711BE77E8B00FF4CE8 /* Debug */,
				3D1187721BE77E8B00FF4CE8 /* Release */,
			);
			defaultConfigurationIsVisible = 0;
			defaultConfigurationName = Release;
		};
		3D1187731BE77E8B00FF4CE8 /* Build configuration list for PBXNativeTarget "VZBadgeDemo" */ = {
			isa = XCConfigurationList;
			buildConfigurations = (
				3D1187741BE77E8B00FF4CE8 /* Debug */,
				3D1187751BE77E8B00FF4CE8 /* Release */,
			);
			defaultConfigurationIsVisible = 0;
		};
/* End XCConfigurationList section */
	};
	rootObject = 3D1187541BE77E8B00FF4CE8 /* Project object */;
}
